
Microsoft Visual Studio Solution File, Format Version 12.00
# Visual Studio Version 16
VisualStudioVersion = 16.0.35425.106
MinimumVisualStudioVersion = 10.0.40219.1
Project("{8BC9CEB8-8B4A-11D0-8D11-00A0C91BC942}") = "Agent_imgui", "Agent_imgui.vcxproj", "{E57C5057-4CC2-4882-9113-79C27E950BFA}"
EndProject
Global
	GlobalSection(SolutionConfigurationPlatforms) = preSolution
		Debug|x64 = Debug|x64
		Debug|x86 = Debug|x86
		Release|x64 = Release|x64
		Release|x86 = Release|x86
	EndGlobalSection
	GlobalSection(ProjectConfigurationPlatforms) = postSolution
		{E57C5057-4CC2-4882-9113-79C27E950BFA}.Debug|x64.ActiveCfg = Debug|x64
		{E57C5057-4CC2-4882-9113-79C27E950BFA}.Debug|x64.Build.0 = Debug|x64
		{E57C5057-4CC2-4882-9113-79C27E950BFA}.Debug|x86.ActiveCfg = Debug|Win32
		{E57C5057-4CC2-4882-9113-79C27E950BFA}.Debug|x86.Build.0 = Debug|Win32
		{E57C5057-4CC2-4882-9113-79C27E950BFA}.Release|x64.ActiveCfg = Release|x64
		{E57C5057-4CC2-4882-9113-79C27E950BFA}.Release|x64.Build.0 = Release|x64
		{E57C5057-4CC2-4882-9113-79C27E950BFA}.Release|x86.ActiveCfg = Release|Win32
		{E57C5057-4CC2-4882-9113-79C27E950BFA}.Release|x86.Build.0 = Release|Win32
	EndGlobalSection
	GlobalSection(SolutionProperties) = preSolution
		HideSolutionNode = FALSE
	EndGlobalSection
	GlobalSection(ExtensibilityGlobals) = postSolution
		SolutionGuid = {603D77B7-6010-483A-9022-966BBB72E6E4}
	EndGlobalSection
EndGlobal
